
Microsoft Visual Studio Solution File, Format Version 12.00
# Visual Studio 15
VisualStudioVersion = 15.0.27004.2008
MinimumVisualStudioVersion = 10.0.40219.1
Project("{888888A0-9F3D-457C-B088-3A5042F75D52}") = "pattern_recognition", "pattern_recognition\pattern_recognition.pyproj", "{3051584C-5CE2-4237-AE9F-A4323F33B539}"
EndProject
Global
	GlobalSection(SolutionConfigurationPlatforms) = preSolution
		Debug|Any CPU = Debug|Any CPU
		Release|Any CPU = Release|Any CPU
	EndGlobalSection
	GlobalSection(ProjectConfigurationPlatforms) = postSolution
		{3051584C-5CE2-4237-AE9F-A4323F33B539}.Debug|Any CPU.ActiveCfg = Debug|Any CPU
		{3051584C-5CE2-4237-AE9F-A4323F33B539}.Release|Any CPU.ActiveCfg = Release|Any CPU
	EndGlobalSection
	GlobalSection(SolutionProperties) = preSolution
		HideSolutionNode = FALSE
	EndGlobalSection
	GlobalSection(ExtensibilityGlobals) = postSolution
		SolutionGuid = {CC725D27-0B6A-4834-A72E-54DCDDE80BD0}
	EndGlobalSection
EndGlobal
