
Microsoft Visual Studio Solution File, Format Version 12.00
# Visual Studio 15
VisualStudioVersion = 15.0.27004.2008
MinimumVisualStudioVersion = 10.0.40219.1
Project("{888888A0-9F3D-457C-B088-3A5042F75D52}") = "tensorflow_tuto", "tensorflow_tuto\tensorflow_tuto.pyproj", "{87E840F6-0DAF-4853-8F37-30A427E18C0A}"
EndProject
Global
	GlobalSection(SolutionConfigurationPlatforms) = preSolution
		Debug|Any CPU = Debug|Any CPU
		Release|Any CPU = Release|Any CPU
	EndGlobalSection
	GlobalSection(ProjectConfigurationPlatforms) = postSolution
		{87E840F6-0DAF-4853-8F37-30A427E18C0A}.Debug|Any CPU.ActiveCfg = Debug|Any CPU
		{87E840F6-0DAF-4853-8F37-30A427E18C0A}.Release|Any CPU.ActiveCfg = Release|Any CPU
	EndGlobalSection
	GlobalSection(SolutionProperties) = preSolution
		HideSolutionNode = FALSE
	EndGlobalSection
	GlobalSection(ExtensibilityGlobals) = postSolution
		SolutionGuid = {83B0E6D5-35AD-4017-AE4C-D2A4C4826468}
	EndGlobalSection
EndGlobal
